
Microsoft Visual Studio Solution File, Format Version 12.00
# Visual Studio Version 17
VisualStudioVersion = 17.13.35825.156 d17.13
MinimumVisualStudioVersion = 10.0.40219.1
Project("{FAE04EC0-301F-11D3-BF4B-00C04F79EFBC}") = "helloworld", "helloworld\helloworld.csproj", "{DCDA854B-9F1C-413E-B418-B24C08B60E87}"
EndProject
Global
	GlobalSection(SolutionConfigurationPlatforms) = preSolution
		Debug|Any CPU = Debug|Any CPU
		Release|Any CPU = Release|Any CPU
	EndGlobalSection
	GlobalSection(ProjectConfigurationPlatforms) = postSolution
		{DCDA854B-9F1C-413E-B418-B24C08B60E87}.Debug|Any CPU.ActiveCfg = Debug|Any CPU
		{DCDA854B-9F1C-413E-B418-B24C08B60E87}.Debug|Any CPU.Build.0 = Debug|Any CPU
		{DCDA854B-9F1C-413E-B418-B24C08B60E87}.Release|Any CPU.ActiveCfg = Release|Any CPU
		{DCDA854B-9F1C-413E-B418-B24C08B60E87}.Release|Any CPU.Build.0 = Release|Any CPU
	EndGlobalSection
	GlobalSection(SolutionProperties) = preSolution
		HideSolutionNode = FALSE
	EndGlobalSection
	GlobalSection(ExtensibilityGlobals) = postSolution
		SolutionGuid = {225B1DDA-3D90-44C3-B9BB-6BA29C46AF72}
	EndGlobalSection
EndGlobal
